
Microsoft Visual Studio Solution File, Format Version 12.00
# Visual Studio Version 16
VisualStudioVersion = 16.0.29306.81
MinimumVisualStudioVersion = 15.0.26124.0
Project("{2150E333-8FDC-42A3-9474-1A3956D46DE8}") = "Demo", "Demo", "{C4C513E8-5F64-47B7-80DB-DF74D0EFCFBA}"
EndProject
Project("{6EC3EE1D-3C4E-46DD-8F32-0CC8E7565705}") = "Fun.OData.Giraffe", "src\Fun.OData.Giraffe\Fun.OData.Giraffe.fsproj", "{CAA50AAC-CB3B-4A32-AFD9-E48C6E7351B9}"
EndProject
Project("{6EC3EE1D-3C4E-46DD-8F32-0CC8E7565705}") = "Fun.OData.Query", "src\Fun.OData.Query\Fun.OData.Query.fsproj", "{C0EE1608-CC0A-4755-A25A-EAF42D86F55C}"
EndProject
Project("{6EC3EE1D-3C4E-46DD-8F32-0CC8E7565705}") = "Client", "demo\Client\Client.fsproj", "{DA95FF8C-38D3-448C-88C0-F44D744A6FE9}"
EndProject
Project("{9A19103F-16F7-4668-BE54-9A1E7A4F7556}") = "Db", "demo\Db\Db.csproj", "{4D4587BD-528E-412F-A197-D08B4A221CFF}"
EndProject
Project("{6EC3EE1D-3C4E-46DD-8F32-0CC8E7565705}") = "Dtos", "demo\Dtos\Dtos.fsproj", "{0986D5B2-4C0C-413D-8FD0-A5F2A5AAACCA}"
EndProject
Project("{6EC3EE1D-3C4E-46DD-8F32-0CC8E7565705}") = "Server", "demo\Server\Server.fsproj", "{4E9C5221-71DD-481A-9868-226DCE133120}"
EndProject
Global
	GlobalSection(SolutionConfigurationPlatforms) = preSolution
		Debug|Any CPU = Debug|Any CPU
		Debug|x64 = Debug|x64
		Debug|x86 = Debug|x86
		Release|Any CPU = Release|Any CPU
		Release|x64 = Release|x64
		Release|x86 = Release|x86
	EndGlobalSection
	GlobalSection(ProjectConfigurationPlatforms) = postSolution
		{CAA50AAC-CB3B-4A32-AFD9-E48C6E7351B9}.Debug|Any CPU.ActiveCfg = Debug|Any CPU
		{CAA50AAC-CB3B-4A32-AFD9-E48C6E7351B9}.Debug|Any CPU.Build.0 = Debug|Any CPU
		{CAA50AAC-CB3B-4A32-AFD9-E48C6E7351B9}.Debug|x64.ActiveCfg = Debug|Any CPU
		{CAA50AAC-CB3B-4A32-AFD9-E48C6E7351B9}.Debug|x64.Build.0 = Debug|Any CPU
		{CAA50AAC-CB3B-4A32-AFD9-E48C6E7351B9}.Debug|x86.ActiveCfg = Debug|Any CPU
		{CAA50AAC-CB3B-4A32-AFD9-E48C6E7351B9}.Debug|x86.Build.0 = Debug|Any CPU
		{CAA50AAC-CB3B-4A32-AFD9-E48C6E7351B9}.Release|Any CPU.ActiveCfg = Release|Any CPU
		{CAA50AAC-CB3B-4A32-AFD9-E48C6E7351B9}.Release|Any CPU.Build.0 = Release|Any CPU
		{CAA50AAC-CB3B-4A32-AFD9-E48C6E7351B9}.Release|x64.ActiveCfg = Release|Any CPU
		{CAA50AAC-CB3B-4A32-AFD9-E48C6E7351B9}.Release|x64.Build.0 = Release|Any CPU
		{CAA50AAC-CB3B-4A32-AFD9-E48C6E7351B9}.Release|x86.ActiveCfg = Release|Any CPU
		{CAA50AAC-CB3B-4A32-AFD9-E48C6E7351B9}.Release|x86.Build.0 = Release|Any CPU
		{C0EE1608-CC0A-4755-A25A-EAF42D86F55C}.Debug|Any CPU.ActiveCfg = Debug|Any CPU
		{C0EE1608-CC0A-4755-A25A-EAF42D86F55C}.Debug|Any CPU.Build.0 = Debug|Any CPU
		{C0EE1608-CC0A-4755-A25A-EAF42D86F55C}.Debug|x64.ActiveCfg = Debug|Any CPU
		{C0EE1608-CC0A-4755-A25A-EAF42D86F55C}.Debug|x64.Build.0 = Debug|Any CPU
		{C0EE1608-CC0A-4755-A25A-EAF42D86F55C}.Debug|x86.ActiveCfg = Debug|Any CPU
		{C0EE1608-CC0A-4755-A25A-EAF42D86F55C}.Debug|x86.Build.0 = Debug|Any CPU
		{C0EE1608-CC0A-4755-A25A-EAF42D86F55C}.Release|Any CPU.ActiveCfg = Release|Any CPU
		{C0EE1608-CC0A-4755-A25A-EAF42D86F55C}.Release|Any CPU.Build.0 = Release|Any CPU
		{C0EE1608-CC0A-4755-A25A-EAF42D86F55C}.Release|x64.ActiveCfg = Release|Any CPU
		{C0EE1608-CC0A-4755-A25A-EAF42D86F55C}.Release|x64.Build.0 = Release|Any CPU
		{C0EE1608-CC0A-4755-A25A-EAF42D86F55C}.Release|x86.ActiveCfg = Release|Any CPU
		{C0EE1608-CC0A-4755-A25A-EAF42D86F55C}.Release|x86.Build.0 = Release|Any CPU
		{DA95FF8C-38D3-448C-88C0-F44D744A6FE9}.Debug|Any CPU.ActiveCfg = Debug|Any CPU
		{DA95FF8C-38D3-448C-88C0-F44D744A6FE9}.Debug|Any CPU.Build.0 = Debug|Any CPU
		{DA95FF8C-38D3-448C-88C0-F44D744A6FE9}.Debug|x64.ActiveCfg = Debug|Any CPU
		{DA95FF8C-38D3-448C-88C0-F44D744A6FE9}.Debug|x64.Build.0 = Debug|Any CPU
		{DA95FF8C-38D3-448C-88C0-F44D744A6FE9}.Debug|x86.ActiveCfg = Debug|Any CPU
		{DA95FF8C-38D3-448C-88C0-F44D744A6FE9}.Debug|x86.Build.0 = Debug|Any CPU
		{DA95FF8C-38D3-448C-88C0-F44D744A6FE9}.Release|Any CPU.ActiveCfg = Release|Any CPU
		{DA95FF8C-38D3-448C-88C0-F44D744A6FE9}.Release|Any CPU.Build.0 = Release|Any CPU
		{DA95FF8C-38D3-448C-88C0-F44D744A6FE9}.Release|x64.ActiveCfg = Release|Any CPU
		{DA95FF8C-38D3-448C-88C0-F44D744A6FE9}.Release|x64.Build.0 = Release|Any CPU
		{DA95FF8C-38D3-448C-88C0-F44D744A6FE9}.Release|x86.ActiveCfg = Release|Any CPU
		{DA95FF8C-38D3-448C-88C0-F44D744A6FE9}.Release|x86.Build.0 = Release|Any CPU
		{4D4587BD-528E-412F-A197-D08B4A221CFF}.Debug|Any CPU.ActiveCfg = Debug|Any CPU
		{4D4587BD-528E-412F-A197-D08B4A221CFF}.Debug|Any CPU.Build.0 = Debug|Any CPU
		{4D4587BD-528E-412F-A197-D08B4A221CFF}.Debug|x64.ActiveCfg = Debug|Any CPU
		{4D4587BD-528E-412F-A197-D08B4A221CFF}.Debug|x64.Build.0 = Debug|Any CPU
		{4D4587BD-528E-412F-A197-D08B4A221CFF}.Debug|x86.ActiveCfg = Debug|Any CPU
		{4D4587BD-528E-412F-A197-D08B4A221CFF}.Debug|x86.Build.0 = Debug|Any CPU
		{4D4587BD-528E-412F-A197-D08B4A221CFF}.Release|Any CPU.ActiveCfg = Release|Any CPU
		{4D4587BD-528E-412F-A197-D08B4A221CFF}.Release|Any CPU.Build.0 = Release|Any CPU
		{4D4587BD-528E-412F-A197-D08B4A221CFF}.Release|x64.ActiveCfg = Release|Any CPU
		{4D4587BD-528E-412F-A197-D08B4A221CFF}.Release|x64.Build.0 = Release|Any CPU
		{4D4587BD-528E-412F-A197-D08B4A221CFF}.Release|x86.ActiveCfg = Release|Any CPU
		{4D4587BD-528E-412F-A197-D08B4A221CFF}.Release|x86.Build.0 = Release|Any CPU
		{0986D5B2-4C0C-413D-8FD0-A5F2A5AAACCA}.Debug|Any CPU.ActiveCfg = Debug|Any CPU
		{0986D5B2-4C0C-413D-8FD0-A5F2A5AAACCA}.Debug|Any CPU.Build.0 = Debug|Any CPU
		{0986D5B2-4C0C-413D-8FD0-A5F2A5AAACCA}.Debug|x64.ActiveCfg = Debug|Any CPU
		{0986D5B2-4C0C-413D-8FD0-A5F2A5AAACCA}.Debug|x64.Build.0 = Debug|Any CPU
		{0986D5B2-4C0C-413D-8FD0-A5F2A5AAACCA}.Debug|x86.ActiveCfg = Debug|Any CPU
		{0986D5B2-4C0C-413D-8FD0-A5F2A5AAACCA}.Debug|x86.Build.0 = Debug|Any CPU
		{0986D5B2-4C0C-413D-8FD0-A5F2A5AAACCA}.Release|Any CPU.ActiveCfg = Release|Any CPU
		{0986D5B2-4C0C-413D-8FD0-A5F2A5AAACCA}.Release|Any CPU.Build.0 = Release|Any CPU
		{0986D5B2-4C0C-413D-8FD0-A5F2A5AAACCA}.Release|x64.ActiveCfg = Release|Any CPU
		{0986D5B2-4C0C-413D-8FD0-A5F2A5AAACCA}.Release|x64.Build.0 = Release|Any CPU
		{0986D5B2-4C0C-413D-8FD0-A5F2A5AAACCA}.Release|x86.ActiveCfg = Release|Any CPU
		{0986D5B2-4C0C-413D-8FD0-A5F2A5AAACCA}.Release|x86.Build.0 = Release|Any CPU
		{4E9C5221-71DD-481A-9868-226DCE133120}.Debug|Any CPU.ActiveCfg = Debug|Any CPU
		{4E9C5221-71DD-481A-9868-226DCE133120}.Debug|Any CPU.Build.0 = Debug|Any CPU
		{4E9C5221-71DD-481A-9868-226DCE133120}.Debug|x64.ActiveCfg = Debug|Any CPU
		{4E9C5221-71DD-481A-9868-226DCE133120}.Debug|x64.Build.0 = Debug|Any CPU
		{4E9C5221-71DD-481A-9868-226DCE133120}.Debug|x86.ActiveCfg = Debug|Any CPU
		{4E9C5221-71DD-481A-9868-226DCE133120}.Debug|x86.Build.0 = Debug|Any CPU
		{4E9C5221-71DD-481A-9868-226DCE133120}.Release|Any CPU.ActiveCfg = Release|Any CPU
		{4E9C5221-71DD-481A-9868-226DCE133120}.Release|Any CPU.Build.0 = Release|Any CPU
		{4E9C5221-71DD-481A-9868-226DCE133120}.Release|x64.ActiveCfg = Release|Any CPU
		{4E9C5221-71DD-481A-9868-226DCE133120}.Release|x64.Build.0 = Release|Any CPU
		{4E9C5221-71DD-481A-9868-226DCE133120}.Release|x86.ActiveCfg = Release|Any CPU
		{4E9C5221-71DD-481A-9868-226DCE133120}.Release|x86.Build.0 = Release|Any CPU
	EndGlobalSection
	GlobalSection(SolutionProperties) = preSolution
		HideSolutionNode = FALSE
	EndGlobalSection
	GlobalSection(NestedProjects) = preSolution
		{DA95FF8C-38D3-448C-88C0-F44D744A6FE9} = {C4C513E8-5F64-47B7-80DB-DF74D0EFCFBA}
		{4D4587BD-528E-412F-A197-D08B4A221CFF} = {C4C513E8-5F64-47B7-80DB-DF74D0EFCFBA}
		{0986D5B2-4C0C-413D-8FD0-A5F2A5AAACCA} = {C4C513E8-5F64-47B7-80DB-DF74D0EFCFBA}
		{4E9C5221-71DD-481A-9868-226DCE133120} = {C4C513E8-5F64-47B7-80DB-DF74D0EFCFBA}
	EndGlobalSection
	GlobalSection(ExtensibilityGlobals) = postSolution
		SolutionGuid = {232CA762-9336-4441-A819-4DB150CDFF2C}
	EndGlobalSection
EndGlobal
